
Microsoft Visual Studio Solution File, Format Version 12.00
# Visual Studio 15
VisualStudioVersion = 15.0.28010.2036
MinimumVisualStudioVersion = 10.0.40219.1
Project("{8BC9CEB8-8B4A-11D0-8D11-00A0C91BC942}") = "Brainfuck", "Brainfuck\Brainfuck.vcxproj", "{A33BE3CC-7C16-41EB-91BB-84088AD0D385}"
EndProject
Global
	GlobalSection(SolutionConfigurationPlatforms) = preSolution
		Debug|x64 = Debug|x64
		Debug|x86 = Debug|x86
		Release|x64 = Release|x64
		Release|x86 = Release|x86
	EndGlobalSection
	GlobalSection(ProjectConfigurationPlatforms) = postSolution
		{A33BE3CC-7C16-41EB-91BB-84088AD0D385}.Debug|x64.ActiveCfg = Debug|x64
		{A33BE3CC-7C16-41EB-91BB-84088AD0D385}.Debug|x64.Build.0 = Debug|x64
		{A33BE3CC-7C16-41EB-91BB-84088AD0D385}.Debug|x86.ActiveCfg = Debug|Win32
		{A33BE3CC-7C16-41EB-91BB-84088AD0D385}.Debug|x86.Build.0 = Debug|Win32
		{A33BE3CC-7C16-41EB-91BB-84088AD0D385}.Release|x64.ActiveCfg = Release|x64
		{A33BE3CC-7C16-41EB-91BB-84088AD0D385}.Release|x64.Build.0 = Release|x64
		{A33BE3CC-7C16-41EB-91BB-84088AD0D385}.Release|x86.ActiveCfg = Release|Win32
		{A33BE3CC-7C16-41EB-91BB-84088AD0D385}.Release|x86.Build.0 = Release|Win32
	EndGlobalSection
	GlobalSection(SolutionProperties) = preSolution
		HideSolutionNode = FALSE
	EndGlobalSection
	GlobalSection(ExtensibilityGlobals) = postSolution
		SolutionGuid = {83FC72C8-9DC3-410D-8852-DA8CF6F8A612}
	EndGlobalSection
EndGlobal
